<?xml version="1.0" encoding="utf-8"?>
<Project ToolsVersion="4.0" xmlns="http://schemas.microsoft.com/developer/msbuild/2003">
  <ItemGroup>
    <Filter Include="Source Files">
      <UniqueIdentifier>{4FC737F1-C7A5-4376-A066-2A32D752A2FF}</UniqueIdentifier>
      <Extensions>cpp;c;cc;cxx;c++;cppm;ixx;def;odl;idl;hpj;bat;asm;asmx</Extensions>
    </Filter>
    <Filter Include="Header Files">
      <UniqueIdentifier>{93995380-89BD-4b04-88EB-625FBE52EBFB}</UniqueIdentifier>
      <Extensions>h;hh;hpp;hxx;h++;hm;inl;inc;ipp;xsd</Extensions>
    </Filter>
    <Filter Include="Resource Files">
      <UniqueIdentifier>{67DA6AB6-F800-4c08-8B7A-83BB121AAD01}</UniqueIdentifier>
      <Extensions>rc;ico;cur;bmp;dlg;rc2;rct;bin;rgs;gif;jpg;jpeg;jpe;resx;tiff;tif;png;wav;mfcribbon-ms</Extensions>
    </Filter>
    <Filter Include="Source Files\Memory">
      <UniqueIdentifier>{0f934b37-1932-4ae3-bc5d-98a49de30168}</UniqueIdentifier>
    </Filter>
    <Filter Include="Header Files\Memory">
      <UniqueIdentifier>{cb472e40-5332-443d-869d-5a4922a6e59a}</UniqueIdentifier>
    </Filter>
    <Filter Include="Source Files\Modules">
      <UniqueIdentifier>{5cdf40da-80f8-42c7-944a-565a9b675135}</UniqueIdentifier>
    </Filter>
    <Filter Include="Header Files\Modules">
      <UniqueIdentifier>{f55d4762-157c-4da9-8cb4-93f09c37cfa7}</UniqueIdentifier>
    </Filter>
    <Filter Include="Header Files\SDK">
      <UniqueIdentifier>{84df76cc-d670-49ed-bfc3-3c9e4e66017b}</UniqueIdentifier>
    </Filter>
    <Filter Include="Header Files\SDK\Network">
      <UniqueIdentifier>{de3252ef-31c7-4fb4-8e3e-dd29bfd6a101}</UniqueIdentifier>
    </Filter>
    <Filter Include="Header Files\SDK\Engine">
      <UniqueIdentifier>{cf04a27c-8f6d-480b-b5b5-770f96dc257e}</UniqueIdentifier>
    </Filter>
    <Filter Include="Header Files\SDK\Reality">
      <UniqueIdentifier>{2bd66fc9-a5fb-4010-8b02-9f378c59f20a}</UniqueIdentifier>
    </Filter>
    <Filter Include="Header Files\SDK\NGui">
      <UniqueIdentifier>{c94af38c-0949-4c75-81fe-c00d0f58ba03}</UniqueIdentifier>
    </Filter>
    <Filter Include="Header Files\SDK\Interfaces">
      <UniqueIdentifier>{00daefa1-4f9d-42b2-ae46-e55a6027c1c5}</UniqueIdentifier>
    </Filter>
    <Filter Include="Header Files\SDK\VFX">
      <UniqueIdentifier>{50b3ee44-d65f-411a-8641-ce695e1d7f4f}</UniqueIdentifier>
    </Filter>
    <Filter Include="Header Files\SDK\Reality\Base">
      <UniqueIdentifier>{6c42e979-cf3d-47ed-bf55-cbee99b44141}</UniqueIdentifier>
    </Filter>
  </ItemGroup>
  <ItemGroup>
    <ClInclude Include="framework.h">
      <Filter>Header Files</Filter>
    </ClInclude>
    <ClInclude Include="patterns.h">
      <Filter>Header Files\Memory</Filter>
    </ClInclude>
    <ClInclude Include="TextChatHandler.h">
      <Filter>Header Files\Modules</Filter>
    </ClInclude>
    <ClInclude Include="cGcTextChatManager.h">
      <Filter>Header Files\SDK\Network</Filter>
    </ClInclude>
    <ClInclude Include="cTkTypes.h">
      <Filter>Header Files\SDK\Engine</Filter>
    </ClInclude>
    <ClInclude Include="hooks.h">
      <Filter>Header Files\Memory</Filter>
    </ClInclude>
    <ClInclude Include="cGcTextChatInput.h">
      <Filter>Header Files\SDK\Network</Filter>
    </ClInclude>
    <ClInclude Include="UnorderedMapHashes.h">
      <Filter>Header Files\SDK\Engine</Filter>
    </ClInclude>
    <ClInclude Include="pch.h">
      <Filter>Header Files</Filter>
    </ClInclude>
    <ClInclude Include="cGcAsyncLoadOps.h">
      <Filter>Header Files\SDK\Engine</Filter>
    </ClInclude>
    <ClInclude Include="cGcApplication.h">
      <Filter>Header Files\SDK\Engine</Filter>
    </ClInclude>
    <ClInclude Include="cGcApplicationTitleScreen.h">
      <Filter>Header Files\SDK\NGui</Filter>
    </ClInclude>
    <ClInclude Include="cGcApplicationUGCBaseViewer.h">
      <Filter>Header Files\SDK\NGui</Filter>
    </ClInclude>
    <ClInclude Include="cGcApplicationGameModeSelector.h">
      <Filter>Header Files\SDK\NGui</Filter>
    </ClInclude>
    <ClInclude Include="Alien.h">
      <Filter>Header Files\SDK\Reality</Filter>
    </ClInclude>
    <ClInclude Include="Audio.h">
      <Filter>Header Files\SDK\Engine</Filter>
    </ClInclude>
    <ClInclude Include="cGcFirstBootContext.h">
      <Filter>Header Files\SDK\Engine</Filter>
    </ClInclude>
    <ClInclude Include="cGcGameKnowledge.h">
      <Filter>Header Files\SDK\Reality</Filter>
    </ClInclude>
    <ClInclude Include="cGcNetwork.h">
      <Filter>Header Files\SDK\Network</Filter>
    </ClInclude>
    <ClInclude Include="cGcNGui.h">
      <Filter>Header Files\SDK\NGui</Filter>
    </ClInclude>
    <ClInclude Include="cGcPlayer.h">
      <Filter>Header Files\SDK\Reality</Filter>
    </ClInclude>
    <ClInclude Include="cGcPlayerShip.h">
      <Filter>Header Files\SDK\Reality</Filter>
    </ClInclude>
    <ClInclude Include="cGcAtlastBrokerAuth.h">
      <Filter>Header Files\SDK\Network</Filter>
    </ClInclude>
    <ClInclude Include="cGcRealityManager.h">
      <Filter>Header Files\SDK\Reality</Filter>
    </ClInclude>
    <ClInclude Include="cGcSeason.h">
      <Filter>Header Files\SDK\Reality</Filter>
    </ClInclude>
    <ClInclude Include="cTkModelResourceRenderer.h">
      <Filter>Header Files\SDK\Engine</Filter>
    </ClInclude>
    <ClInclude Include="cTkStoragePersistent.h">
      <Filter>Header Files\SDK\Engine</Filter>
    </ClInclude>
    <ClInclude Include="cTkTextureBase.h">
      <Filter>Header Files\SDK\Engine</Filter>
    </ClInclude>
    <ClInclude Include="Customisation.h">
      <Filter>Header Files\SDK\Reality</Filter>
    </ClInclude>
    <ClInclude Include="Difficulty.h">
      <Filter>Header Files\SDK\Reality</Filter>
    </ClInclude>
    <ClInclude Include="Discovery.h">
      <Filter>Header Files\SDK\Reality</Filter>
    </ClInclude>
    <ClInclude Include="Freighter.h">
      <Filter>Header Files\SDK\Reality</Filter>
    </ClInclude>
    <ClInclude Include="Frigate.h">
      <Filter>Header Files\SDK\Reality</Filter>
    </ClInclude>
    <ClInclude Include="INetworkPlayerEventsHandler.h">
      <Filter>Header Files\SDK\Interfaces</Filter>
    </ClInclude>
    <ClInclude Include="Inventory.h">
      <Filter>Header Files\SDK\Reality</Filter>
    </ClInclude>
    <ClInclude Include="IStatWatcher.h">
      <Filter>Header Files\SDK\Interfaces</Filter>
    </ClInclude>
    <ClInclude Include="Multitool.h">
      <Filter>Header Files\SDK\Reality</Filter>
    </ClInclude>
    <ClInclude Include="PhotoMode.h">
      <Filter>Header Files\SDK\Reality</Filter>
    </ClInclude>
    <ClInclude Include="Procedural.h">
      <Filter>Header Files\SDK\Engine</Filter>
    </ClInclude>
    <ClInclude Include="Planet.h">
      <Filter>Header Files\SDK\Reality</Filter>
    </ClInclude>
    <ClInclude Include="Raycast.h">
      <Filter>Header Files\SDK\Engine</Filter>
    </ClInclude>
    <ClInclude Include="Settlement.h">
      <Filter>Header Files\SDK\Reality</Filter>
    </ClInclude>
    <ClInclude Include="Squadron.h">
      <Filter>Header Files\SDK\Reality</Filter>
    </ClInclude>
    <ClInclude Include="Story.h">
      <Filter>Header Files\SDK\Reality</Filter>
    </ClInclude>
    <ClInclude Include="UniverseAddressData.h">
      <Filter>Header Files\SDK\Reality</Filter>
    </ClInclude>
    <ClInclude Include="Vehicle.h">
      <Filter>Header Files\SDK\Reality</Filter>
    </ClInclude>
    <ClInclude Include="IDiscoveryManagerEventHandler.h">
      <Filter>Header Files\SDK\Interfaces</Filter>
    </ClInclude>
    <ClInclude Include="cGcCreature.h">
      <Filter>Header Files\SDK\Reality</Filter>
    </ClInclude>
    <ClInclude Include="cGcStatsManager.h">
      <Filter>Header Files\SDK\Reality</Filter>
    </ClInclude>
    <ClInclude Include="IStatVariantWatcher.h">
      <Filter>Header Files\SDK\Interfaces</Filter>
    </ClInclude>
    <ClInclude Include="cGcTelemetryManager.h">
      <Filter>Header Files\SDK\Reality</Filter>
    </ClInclude>
    <ClInclude Include="cGcUserSettings.h">
      <Filter>Header Files\SDK\NGui</Filter>
    </ClInclude>
    <ClInclude Include="cGcUserSeenItemsState.h">
      <Filter>Header Files\SDK\Reality</Filter>
    </ClInclude>
    <ClInclude Include="Mission.h">
      <Filter>Header Files\SDK\Reality</Filter>
    </ClInclude>
    <ClInclude Include="cGcEntitlementManager.h">
      <Filter>Header Files\SDK\Reality</Filter>
    </ClInclude>
    <ClInclude Include="cGcTerrainEditBlockBuffer.h">
      <Filter>Header Files\SDK\Network</Filter>
    </ClInclude>
    <ClInclude Include="Trade.h">
      <Filter>Header Files\SDK\Reality</Filter>
    </ClInclude>
    <ClInclude Include="cGcRichPresence.h">
      <Filter>Header Files\SDK\Engine</Filter>
    </ClInclude>
    <ClInclude Include="cGcCloudSaveManager.h">
      <Filter>Header Files\SDK\Engine</Filter>
    </ClInclude>
    <ClInclude Include="cGcGameState.h">
      <Filter>Header Files\SDK\Engine</Filter>
    </ClInclude>
    <ClInclude Include="cGcSimulation.h">
      <Filter>Header Files\SDK\Engine</Filter>
    </ClInclude>
    <ClInclude Include="Marker.h">
      <Filter>Header Files\SDK\Reality</Filter>
    </ClInclude>
    <ClInclude Include="cGcFrontendPage.h">
      <Filter>Header Files\SDK\NGui</Filter>
    </ClInclude>
    <ClInclude Include="cGcScanner.h">
      <Filter>Header Files\SDK\Reality</Filter>
    </ClInclude>
    <ClInclude Include="cGcBinoculars.h">
      <Filter>Header Files\SDK\Reality</Filter>
    </ClInclude>
    <ClInclude Include="cGcRegionHotspots.h">
      <Filter>Header Files\SDK\Reality</Filter>
    </ClInclude>
    <ClInclude Include="cGcSceneManager.h">
      <Filter>Header Files\SDK\Reality</Filter>
    </ClInclude>
    <ClInclude Include="Fade.h">
      <Filter>Header Files\SDK\VFX</Filter>
    </ClInclude>
    <ClInclude Include="Explosion.h">
      <Filter>Header Files\SDK\VFX</Filter>
    </ClInclude>
    <ClInclude Include="cGcEffectList.h">
      <Filter>Header Files\SDK\VFX</Filter>
    </ClInclude>
    <ClInclude Include="cGcParticleManager.h">
      <Filter>Header Files\SDK\VFX</Filter>
    </ClInclude>
    <ClInclude Include="Fog.h">
      <Filter>Header Files\SDK\VFX</Filter>
    </ClInclude>
    <ClInclude Include="LightShaft.h">
      <Filter>Header Files\SDK\VFX</Filter>
    </ClInclude>
    <ClInclude Include="cTkTimeManager.h">
      <Filter>Header Files\SDK\Reality</Filter>
    </ClInclude>
    <ClInclude Include="cGcSky.h">
      <Filter>Header Files\SDK\Reality</Filter>
    </ClInclude>
    <ClInclude Include="cGcEnvironment.h">
      <Filter>Header Files\SDK\Reality</Filter>
    </ClInclude>
    <ClInclude Include="cGcReflectionProbesManager.h">
      <Filter>Header Files\SDK\VFX</Filter>
    </ClInclude>
    <ClInclude Include="cGcEcosystem.h">
      <Filter>Header Files\SDK\Reality</Filter>
    </ClInclude>
    <ClInclude Include="Projectle.h">
      <Filter>Header Files\SDK\Reality</Filter>
    </ClInclude>
    <ClInclude Include="AI.h">
      <Filter>Header Files\SDK\Reality</Filter>
    </ClInclude>
    <ClInclude Include="cGcFullscreenEffectManager.h">
      <Filter>Header Files\SDK\VFX</Filter>
    </ClInclude>
    <ClInclude Include="cGcInWorldUIManager.h">
      <Filter>Header Files\SDK\NGui</Filter>
    </ClInclude>
    <ClInclude Include="Sentinel.h">
      <Filter>Header Files\SDK\Reality</Filter>
    </ClInclude>
    <ClInclude Include="Fiend.h">
      <Filter>Header Files\SDK\Reality</Filter>
    </ClInclude>
    <ClInclude Include="cGcPlayerExperienceDirector.h">
      <Filter>Header Files\SDK\Reality</Filter>
    </ClInclude>
    <ClInclude Include="Weapon.h">
      <Filter>Header Files\SDK\Reality</Filter>
    </ClInclude>
    <ClInclude Include="AKEvent.h">
      <Filter>Header Files\SDK\Engine</Filter>
    </ClInclude>
    <ClInclude Include="Curve.h">
      <Filter>Header Files\SDK\Engine</Filter>
    </ClInclude>
    <ClInclude Include="cGcBeamEffect.h">
      <Filter>Header Files\SDK\VFX</Filter>
    </ClInclude>
    <ClInclude Include="cGcLaserBeam.h">
      <Filter>Header Files\SDK\Reality</Filter>
    </ClInclude>
    <ClInclude Include="TerrainEdit.h">
      <Filter>Header Files\SDK\Reality</Filter>
    </ClInclude>
    <ClInclude Include="Base.h">
      <Filter>Header Files\SDK\Reality\Base</Filter>
    </ClInclude>
    <ClInclude Include="cGcPersonalTeleporter.h">
      <Filter>Header Files\SDK\Reality\Base</Filter>
    </ClInclude>
    <ClInclude Include="cGcPlayerStick.h">
      <Filter>Header Files\SDK\Engine</Filter>
    </ClInclude>
    <ClInclude Include="cGcPlayerInteract.h">
      <Filter>Header Files\SDK\NGui</Filter>
    </ClInclude>
    <ClInclude Include="cGcFrontendManager.h">
      <Filter>Header Files\SDK\NGui</Filter>
    </ClInclude>
    <ClInclude Include="cGcPlayerCommunicator.h">
      <Filter>Header Files\SDK\Reality</Filter>
    </ClInclude>
    <ClInclude Include="cGcGrabbableComponent.h">
      <Filter>Header Files\SDK\Reality\Base</Filter>
    </ClInclude>
    <ClInclude Include="Emote.h">
      <Filter>Header Files\SDK\Reality</Filter>
    </ClInclude>
    <ClInclude Include="cGcGalaxyMap.h">
      <Filter>Header Files\SDK\NGui</Filter>
    </ClInclude>
    <ClInclude Include="cGcTransition.h">
      <Filter>Header Files\SDK\NGui</Filter>
    </ClInclude>
    <ClInclude Include="cGcHUDManager.h">
      <Filter>Header Files\SDK\NGui</Filter>
    </ClInclude>
    <ClInclude Include="cGcHUDLayer.h">
      <Filter>Header Files\SDK\NGui</Filter>
    </ClInclude>
    <ClInclude Include="cTkISystemEventHandler.h">
      <Filter>Header Files\SDK\Interfaces</Filter>
    </ClInclude>
    <ClInclude Include="SpaceStation.h">
      <Filter>Header Files\SDK\Reality</Filter>
    </ClInclude>
    <ClInclude Include="SolarSystem.h">
      <Filter>Header Files\SDK\Reality</Filter>
    </ClInclude>
    <ClInclude Include="cGcIdleAnimList.h">
      <Filter>Header Files\SDK\Reality</Filter>
    </ClInclude>
  </ItemGroup>
  <ItemGroup>
    <ClCompile Include="dllmain.cpp">
      <Filter>Source Files</Filter>
    </ClCompile>
    <ClCompile Include="patterns.cpp">
      <Filter>Source Files\Memory</Filter>
    </ClCompile>
    <ClCompile Include="hooks.cpp">
      <Filter>Source Files\Memory</Filter>
    </ClCompile>
    <ClCompile Include="TextChatHandler.cpp">
      <Filter>Source Files\Modules</Filter>
    </ClCompile>
    <ClCompile Include="cGcBlockedUser.h">
      <Filter>Header Files\SDK\Network</Filter>
    </ClCompile>
  </ItemGroup>
</Project>